
Microsoft Visual Studio Solution File, Format Version 12.00
# Visual Studio Version 17
VisualStudioVersion = 17.9.34728.123
MinimumVisualStudioVersion = 10.0.40219.1
Project("{FAE04EC0-301F-11D3-BF4B-00C04F79EFBC}") = "TestBankingUI", "TestBankingUI\TestBankingUI.csproj", "{9D48D2AE-94BA-4608-B868-063AC1E40B91}"
EndProject
Global
	GlobalSection(SolutionConfigurationPlatforms) = preSolution
		Debug|Any CPU = Debug|Any CPU
		Release|Any CPU = Release|Any CPU
	EndGlobalSection
	GlobalSection(ProjectConfigurationPlatforms) = postSolution
		{9D48D2AE-94BA-4608-B868-063AC1E40B91}.Debug|Any CPU.ActiveCfg = Debug|Any CPU
		{9D48D2AE-94BA-4608-B868-063AC1E40B91}.Debug|Any CPU.Build.0 = Debug|Any CPU
		{9D48D2AE-94BA-4608-B868-063AC1E40B91}.Release|Any CPU.ActiveCfg = Release|Any CPU
		{9D48D2AE-94BA-4608-B868-063AC1E40B91}.Release|Any CPU.Build.0 = Release|Any CPU
	EndGlobalSection
	GlobalSection(SolutionProperties) = preSolution
		HideSolutionNode = FALSE
	EndGlobalSection
	GlobalSection(ExtensibilityGlobals) = postSolution
		SolutionGuid = {F51C47F8-21F5-4F82-9A46-CD6C1F4567B6}
	EndGlobalSection
EndGlobal
